{
  "requires": true,
  "lockfileVersion": 1,
  "dependencies": {
    "@ionic-native/http": {
      "version": "4.5.2",
      "resolved": "https://registry.npmjs.org/@ionic-native/http/-/http-4.5.2.tgz",
      "integrity": "sha512-ygNnUrzJUmzeSiP761iQ5Muu7Aiw5lxvZYmQe+aPI19Y7zS3uayMZkj+lrDlUQq6+LqEqh9nGsJPMsjUEAGv5A=="
    }
  }
}
